
Microsoft Visual Studio Solution File, Format Version 12.00
# Visual Studio Version 17
VisualStudioVersion = 17.11.35219.272
MinimumVisualStudioVersion = 10.0.40219.1
Project("{9A19103F-16F7-4668-BE54-9A1E7A4F7556}") = "CricketBiddingApp.Api", "CricketBiddingApp.Api\CricketBiddingApp.Api.csproj", "{9CE06C35-5F9F-442D-BC2C-888E6E87ABBE}"
EndProject
Project("{9A19103F-16F7-4668-BE54-9A1E7A4F7556}") = "CricketBiddingApp.Client", "CricketBiddingApp.Client\CricketBiddingApp.Client.csproj", "{699A877A-6247-4925-9DA7-9DC2F31C923C}"
EndProject
Global
	GlobalSection(SolutionConfigurationPlatforms) = preSolution
		Debug|Any CPU = Debug|Any CPU
		Release|Any CPU = Release|Any CPU
	EndGlobalSection
	GlobalSection(ProjectConfigurationPlatforms) = postSolution
		{9CE06C35-5F9F-442D-BC2C-888E6E87ABBE}.Debug|Any CPU.ActiveCfg = Debug|Any CPU
		{9CE06C35-5F9F-442D-BC2C-888E6E87ABBE}.Debug|Any CPU.Build.0 = Debug|Any CPU
		{9CE06C35-5F9F-442D-BC2C-888E6E87ABBE}.Release|Any CPU.ActiveCfg = Release|Any CPU
		{9CE06C35-5F9F-442D-BC2C-888E6E87ABBE}.Release|Any CPU.Build.0 = Release|Any CPU
		{699A877A-6247-4925-9DA7-9DC2F31C923C}.Debug|Any CPU.ActiveCfg = Debug|Any CPU
		{699A877A-6247-4925-9DA7-9DC2F31C923C}.Debug|Any CPU.Build.0 = Debug|Any CPU
		{699A877A-6247-4925-9DA7-9DC2F31C923C}.Release|Any CPU.ActiveCfg = Release|Any CPU
		{699A877A-6247-4925-9DA7-9DC2F31C923C}.Release|Any CPU.Build.0 = Release|Any CPU
	EndGlobalSection
	GlobalSection(SolutionProperties) = preSolution
		HideSolutionNode = FALSE
	EndGlobalSection
	GlobalSection(ExtensibilityGlobals) = postSolution
		SolutionGuid = {5A496FFE-F071-4E5F-985A-61FDBA33CF54}
	EndGlobalSection
EndGlobal
